
Microsoft Visual Studio Solution File, Format Version 12.00
# Visual Studio Version 17
VisualStudioVersion = 17.10.34916.146
MinimumVisualStudioVersion = 10.0.40219.1
Project("{FAE04EC0-301F-11D3-BF4B-00C04F79EFBC}") = "GeorgopetrisDiscountCalculator", "GeorgopetrisDiscountCalculator.csproj", "{B3432893-AA9E-4205-9A18-9C09FDD34916}"
EndProject
Global
	GlobalSection(SolutionConfigurationPlatforms) = preSolution
		Debug|Any CPU = Debug|Any CPU
		Release|Any CPU = Release|Any CPU
	EndGlobalSection
	GlobalSection(ProjectConfigurationPlatforms) = postSolution
		{B3432893-AA9E-4205-9A18-9C09FDD34916}.Debug|Any CPU.ActiveCfg = Release|Any CPU
		{B3432893-AA9E-4205-9A18-9C09FDD34916}.Debug|Any CPU.Build.0 = Release|Any CPU
		{B3432893-AA9E-4205-9A18-9C09FDD34916}.Release|Any CPU.ActiveCfg = Release|Any CPU
		{B3432893-AA9E-4205-9A18-9C09FDD34916}.Release|Any CPU.Build.0 = Release|Any CPU
	EndGlobalSection
	GlobalSection(SolutionProperties) = preSolution
		HideSolutionNode = FALSE
	EndGlobalSection
	GlobalSection(ExtensibilityGlobals) = postSolution
		SolutionGuid = {BF3B8EBE-9EF0-4EB5-B620-4782BA866B2D}
	EndGlobalSection
EndGlobal
